# THIS IS AN AUTOGENERATED FILE. DO NOT EDIT THIS FILE DIRECTLY.
# yarn lockfile v1


es6-promise@^4.1.0:
  version "4.1.0"
  resolved "https://registry.yarnpkg.com/es6-promise/-/es6-promise-4.1.0.tgz#dda03ca8f9f89bc597e689842929de7ba8cebdf0"

vue-i18n@^6.1.1:
  version "6.1.1"
  resolved "https://registry.yarnpkg.com/vue-i18n/-/vue-i18n-6.1.1.tgz#6481915c59f16692b5f4bd8681afdce62492570c"

vue-router@^2.5.3:
  version "2.5.3"
  resolved "https://registry.yarnpkg.com/vue-router/-/vue-router-2.5.3.tgz#073783f564b6aece6c8a59c63e298dc2aabfb51b"

vue@^2.3.2:
  version "2.3.2"
  resolved "https://registry.yarnpkg.com/vue/-/vue-2.3.2.tgz#9e52aae3593480be235ff227557837e69f98203a"

vuex-router-sync@^4.1.2:
  version "4.1.2"
  resolved "https://registry.yarnpkg.com/vuex-router-sync/-/vuex-router-sync-4.1.2.tgz#584d6315909257adec2914a63d54b428c016b8ec"

vuex@^2.3.1:
  version "2.3.1"
  resolved "https://registry.yarnpkg.com/vuex/-/vuex-2.3.1.tgz#cde8e997c1f9957719bc7dea154f9aa691d981a6"

whatwg-fetch@^2.0.3:
  version "2.0.3"
  resolved "https://registry.yarnpkg.com/whatwg-fetch/-/whatwg-fetch-2.0.3.tgz#9c84ec2dcf68187ff00bc64e1274b442176e1c84"
